// !$*UTF8*$!
{
	archiveVersion = 1;
	classes = {
	};
	objectVersion = 51;
	objects = {

/* Begin PBXBuildFile section */
		17C593193CC7CD3CA96C1B19 /* MineView.m in Sources */ = {isa = PBXBuildFile; fileRef = 17C59C3EBD9549EDAF1D2487 /* MineView.m */; };
		17C593CC9634C4BE9CD4C6CA /* HomeController.m in Sources */ = {isa = PBXBuildFile; fileRef = 17C59EC1E45D0F44B8C2B76D /* HomeController.m */; };
		17C594C20863EC1AC66861C7 /* UserModel.m in Sources */ = {isa = PBXBuildFile; fileRef = 17C5991D84938E5A69DA8BF3 /* UserModel.m */; };
		17C59581242D6F13CEBA3FE4 /* HttpClient.m in Sources */ = {isa = PBXBuildFile; fileRef = 17C59FD5AE778FDF8EB4F61F /* HttpClient.m */; };
		17C595DF82E95C275477B146 /* HeroCell.m in Sources */ = {isa = PBXBuildFile; fileRef = 17C59DA5ABF26875413EDC5E /* HeroCell.m */; };
		17C596F6EDF418D2F145D29C /* HeroViewController.m in Sources */ = {isa = PBXBuildFile; fileRef = 17C59B265D1A1E78A66F81DE /* HeroViewController.m */; };
		17C598DA059E11234CB656A4 /* MineController.m in Sources */ = {isa = PBXBuildFile; fileRef = 17C599E61C25161F6301F80A /* MineController.m */; };
		17C5993C41EE58A34EA2BD0F /* HomeCell.m in Sources */ = {isa = PBXBuildFile; fileRef = 17C59CB2A005791466CDB561 /* HomeCell.m */; };
		17C59A08BC78B5C676F4B98E /* HeroDetailViewController.m in Sources */ = {isa = PBXBuildFile; fileRef = 17C598695B097090C0C049FB /* HeroDetailViewController.m */; };
		17C59A8EB6FF2A8B3A87ED71 /* README.md in Sources */ = {isa = PBXBuildFile; fileRef = 17C5946DE322AD9AE65EBE11 /* README.md */; };
		17C59AB018E883F54DF1F25B /* LoginViewController.m in Sources */ = {isa = PBXBuildFile; fileRef = 17C5920A5835F0163B6D0E04 /* LoginViewController.m */; };
		17C59B1FE9D98EA101CE2369 /* LolModel.m in Sources */ = {isa = PBXBuildFile; fileRef = 17C59168B712A6B1AF20BE5F /* LolModel.m */; };
		17C59BBA4A33D57E0525A464 /* podfile in Resources */ = {isa = PBXBuildFile; fileRef = 17C59B739B155CEC691425C8 /* podfile */; };
		17C59D3ECBDB6BE05E9839D0 /* HeroDetailView.m in Sources */ = {isa = PBXBuildFile; fileRef = 17C59B25C7F2DA9B9FCE72E3 /* HeroDetailView.m */; };
		17C59DD768FBE789C64710C8 /* Demo1.m in Sources */ = {isa = PBXBuildFile; fileRef = 17C596D03327CB9674F0CC4C /* Demo1.m */; };
		25231DB924C5DFFE00749F4C /* icon.bundle in Resources */ = {isa = PBXBuildFile; fileRef = 25231DB824C5DFFE00749F4C /* icon.bundle */; };
		25A6A52824C491750052537E /* AppDelegate.m in Sources */ = {isa = PBXBuildFile; fileRef = 25A6A52724C491750052537E /* AppDelegate.m */; };
		25A6A52B24C491750052537E /* SceneDelegate.m in Sources */ = {isa = PBXBuildFile; fileRef = 25A6A52A24C491750052537E /* SceneDelegate.m */; };
		25A6A53324C4917A0052537E /* Assets.xcassets in Resources */ = {isa = PBXBuildFile; fileRef = 25A6A53224C4917A0052537E /* Assets.xcassets */; };
		25A6A53924C4917A0052537E /* main.m in Sources */ = {isa = PBXBuildFile; fileRef = 25A6A53824C4917A0052537E /* main.m */; };
		36227B24B5EB1E5C7B72221D /* Pods_iOSSample.framework in Frameworks */ = {isa = PBXBuildFile; fileRef = D80C2255DAC4D29913244F78 /* Pods_iOSSample.framework */; };
/* End PBXBuildFile section */

/* Begin PBXFileReference section */
		17C5907EA09F3654BC9F8186 /* MineView.h */ = {isa = PBXFileReference; fileEncoding = 4; lastKnownFileType = sourcecode.c.h; path = MineView.h; sourceTree = "<group>"; };
		17C590E189E87049129A9EB4 /* HomeController.h */ = {isa = PBXFileReference; fileEncoding = 4; lastKnownFileType = sourcecode.c.h; path = HomeController.h; sourceTree = "<group>"; };
		17C59168B712A6B1AF20BE5F /* LolModel.m */ = {isa = PBXFileReference; fileEncoding = 4; lastKnownFileType = sourcecode.c.objc; path = LolModel.m; sourceTree = "<group>"; };
		17C5920A5835F0163B6D0E04 /* LoginViewController.m */ = {isa = PBXFileReference; fileEncoding = 4; lastKnownFileType = sourcecode.c.objc; path = LoginViewController.m; sourceTree = "<group>"; };
		17C5946DE322AD9AE65EBE11 /* README.md */ = {isa = PBXFileReference; fileEncoding = 4; lastKnownFileType = net.daringfireball.markdown; path = README.md; sourceTree = "<group>"; };
		17C5966F655DE7C310EAC9A4 /* LolModel.h */ = {isa = PBXFileReference; fileEncoding = 4; lastKnownFileType = sourcecode.c.h; path = LolModel.h; sourceTree = "<group>"; };
		17C596C027D143C9DCDD0424 /* HeroDetailViewController.h */ = {isa = PBXFileReference; fileEncoding = 4; lastKnownFileType = sourcecode.c.h; path = HeroDetailViewController.h; sourceTree = "<group>"; };
		17C596D03327CB9674F0CC4C /* Demo1.m */ = {isa = PBXFileReference; fileEncoding = 4; lastKnownFileType = sourcecode.c.objc; path = Demo1.m; sourceTree = "<group>"; };
		17C59739A8121A815CF65140 /* LoginViewController.h */ = {isa = PBXFileReference; fileEncoding = 4; lastKnownFileType = sourcecode.c.h; path = LoginViewController.h; sourceTree = "<group>"; };
		17C598695B097090C0C049FB /* HeroDetailViewController.m */ = {isa = PBXFileReference; fileEncoding = 4; lastKnownFileType = sourcecode.c.objc; path = HeroDetailViewController.m; sourceTree = "<group>"; };
		17C598B1976191E7DD3BFC22 /* HeroDetailView.h */ = {isa = PBXFileReference; fileEncoding = 4; lastKnownFileType = sourcecode.c.h; path = HeroDetailView.h; sourceTree = "<group>"; };
		17C598FAA1FA8FB6A839E143 /* Demo1.h */ = {isa = PBXFileReference; fileEncoding = 4; lastKnownFileType = sourcecode.c.h; path = Demo1.h; sourceTree = "<group>"; };
		17C5991D84938E5A69DA8BF3 /* UserModel.m */ = {isa = PBXFileReference; fileEncoding = 4; lastKnownFileType = sourcecode.c.objc; path = UserModel.m; sourceTree = "<group>"; };
		17C59932251B478C82D25E33 /* UserModel.h */ = {isa = PBXFileReference; fileEncoding = 4; lastKnownFileType = sourcecode.c.h; path = UserModel.h; sourceTree = "<group>"; };
		17C599CA2B3E09950EE5BE2C /* HeroCell.h */ = {isa = PBXFileReference; fileEncoding = 4; lastKnownFileType = sourcecode.c.h; path = HeroCell.h; sourceTree = "<group>"; };
		17C599E61C25161F6301F80A /* MineController.m */ = {isa = PBXFileReference; fileEncoding = 4; lastKnownFileType = sourcecode.c.objc; path = MineController.m; sourceTree = "<group>"; };
		17C59B25C7F2DA9B9FCE72E3 /* HeroDetailView.m */ = {isa = PBXFileReference; fileEncoding = 4; lastKnownFileType = sourcecode.c.objc; path = HeroDetailView.m; sourceTree = "<group>"; };
		17C59B265D1A1E78A66F81DE /* HeroViewController.m */ = {isa = PBXFileReference; fileEncoding = 4; lastKnownFileType = sourcecode.c.objc; path = HeroViewController.m; sourceTree = "<group>"; };
		17C59B739B155CEC691425C8 /* podfile */ = {isa = PBXFileReference; fileEncoding = 4; lastKnownFileType = text; path = podfile; sourceTree = "<group>"; };
		17C59C3EBD9549EDAF1D2487 /* MineView.m */ = {isa = PBXFileReference; fileEncoding = 4; lastKnownFileType = sourcecode.c.objc; path = MineView.m; sourceTree = "<group>"; };
		17C59C474F1D6670B10561AC /* MineController.h */ = {isa = PBXFileReference; fileEncoding = 4; lastKnownFileType = sourcecode.c.h; path = MineController.h; sourceTree = "<group>"; };
		17C59C532803D85BB3DB5225 /* HeroViewController.h */ = {isa = PBXFileReference; fileEncoding = 4; lastKnownFileType = sourcecode.c.h; path = HeroViewController.h; sourceTree = "<group>"; };
		17C59CB2A005791466CDB561 /* HomeCell.m */ = {isa = PBXFileReference; fileEncoding = 4; lastKnownFileType = sourcecode.c.objc; path = HomeCell.m; sourceTree = "<group>"; };
		17C59CCEFDCCF7793B54616B /* HttpClient.h */ = {isa = PBXFileReference; fileEncoding = 4; lastKnownFileType = sourcecode.c.h; path = HttpClient.h; sourceTree = "<group>"; };
		17C59DA5ABF26875413EDC5E /* HeroCell.m */ = {isa = PBXFileReference; fileEncoding = 4; lastKnownFileType = sourcecode.c.objc; path = HeroCell.m; sourceTree = "<group>"; };
		17C59EA38180E147573DEC49 /* HomeCell.h */ = {isa = PBXFileReference; fileEncoding = 4; lastKnownFileType = sourcecode.c.h; path = HomeCell.h; sourceTree = "<group>"; };
		17C59EC1E45D0F44B8C2B76D /* HomeController.m */ = {isa = PBXFileReference; fileEncoding = 4; lastKnownFileType = sourcecode.c.objc; path = HomeController.m; sourceTree = "<group>"; };
		17C59FD5AE778FDF8EB4F61F /* HttpClient.m */ = {isa = PBXFileReference; fileEncoding = 4; lastKnownFileType = sourcecode.c.objc; path = HttpClient.m; sourceTree = "<group>"; };
		25231DB824C5DFFE00749F4C /* icon.bundle */ = {isa = PBXFileReference; lastKnownFileType = "wrapper.plug-in"; path = icon.bundle; sourceTree = "<group>"; };
		25A6A52324C491750052537E /* iOSSample.app */ = {isa = PBXFileReference; explicitFileType = wrapper.application; includeInIndex = 0; path = iOSSample.app; sourceTree = BUILT_PRODUCTS_DIR; };
		25A6A52624C491750052537E /* AppDelegate.h */ = {isa = PBXFileReference; lastKnownFileType = sourcecode.c.h; path = AppDelegate.h; sourceTree = "<group>"; };
		25A6A52724C491750052537E /* AppDelegate.m */ = {isa = PBXFileReference; lastKnownFileType = sourcecode.c.objc; path = AppDelegate.m; sourceTree = "<group>"; };
		25A6A52924C491750052537E /* SceneDelegate.h */ = {isa = PBXFileReference; lastKnownFileType = sourcecode.c.h; path = SceneDelegate.h; sourceTree = "<group>"; };
		25A6A52A24C491750052537E /* SceneDelegate.m */ = {isa = PBXFileReference; lastKnownFileType = sourcecode.c.objc; path = SceneDelegate.m; sourceTree = "<group>"; };
		25A6A53224C4917A0052537E /* Assets.xcassets */ = {isa = PBXFileReference; lastKnownFileType = folder.assetcatalog; path = Assets.xcassets; sourceTree = "<group>"; };
		25A6A53724C4917A0052537E /* Info.plist */ = {isa = PBXFileReference; lastKnownFileType = text.plist.xml; path = Info.plist; sourceTree = "<group>"; };
		25A6A53824C4917A0052537E /* main.m */ = {isa = PBXFileReference; lastKnownFileType = sourcecode.c.objc; path = main.m; sourceTree = "<group>"; };
		A0BF267B3E33E516D4EA391F /* Pods-iOSSample.debug.xcconfig */ = {isa = PBXFileReference; includeInIndex = 1; lastKnownFileType = text.xcconfig; name = "Pods-iOSSample.debug.xcconfig"; path = "Target Support Files/Pods-iOSSample/Pods-iOSSample.debug.xcconfig"; sourceTree = "<group>"; };
		D80C2255DAC4D29913244F78 /* Pods_iOSSample.framework */ = {isa = PBXFileReference; explicitFileType = wrapper.framework; includeInIndex = 0; path = Pods_iOSSample.framework; sourceTree = BUILT_PRODUCTS_DIR; };
		E0D1FACE41046BE93DD7EB96 /* Pods-iOSSample.release.xcconfig */ = {isa = PBXFileReference; includeInIndex = 1; lastKnownFileType = text.xcconfig; name = "Pods-iOSSample.release.xcconfig"; path = "Target Support Files/Pods-iOSSample/Pods-iOSSample.release.xcconfig"; sourceTree = "<group>"; };
/* End PBXFileReference section */

/* Begin PBXFrameworksBuildPhase section */
		25A6A52024C491750052537E /* Frameworks */ = {
			isa = PBXFrameworksBuildPhase;
			buildActionMask = 2147483647;
			files = (
				36227B24B5EB1E5C7B72221D /* Pods_iOSSample.framework in Frameworks */,
			);
			runOnlyForDeploymentPostprocessing = 0;
		};
/* End PBXFrameworksBuildPhase section */

/* Begin PBXGroup section */
		17C5912E615E330BB6779438 /* models */ = {
			isa = PBXGroup;
			children = (
				17C59168B712A6B1AF20BE5F /* LolModel.m */,
				17C5966F655DE7C310EAC9A4 /* LolModel.h */,
				17C5991D84938E5A69DA8BF3 /* UserModel.m */,
				17C59932251B478C82D25E33 /* UserModel.h */,
			);
			path = models;
			sourceTree = "<group>";
		};
		17C5967BEAC2328B247AE72C /* utils */ = {
			isa = PBXGroup;
			children = (
				17C59FD5AE778FDF8EB4F61F /* HttpClient.m */,
				17C59CCEFDCCF7793B54616B /* HttpClient.h */,
			);
			path = utils;
			sourceTree = "<group>";
		};
		17C59D71856C4827B698D8D1 /* views */ = {
			isa = PBXGroup;
			children = (
				17C599CA2B3E09950EE5BE2C /* HeroCell.h */,
				17C59DA5ABF26875413EDC5E /* HeroCell.m */,
				17C59CB2A005791466CDB561 /* HomeCell.m */,
				17C59EA38180E147573DEC49 /* HomeCell.h */,
				17C59B25C7F2DA9B9FCE72E3 /* HeroDetailView.m */,
				17C598B1976191E7DD3BFC22 /* HeroDetailView.h */,
				17C59C3EBD9549EDAF1D2487 /* MineView.m */,
				17C5907EA09F3654BC9F8186 /* MineView.h */,
			);
			path = views;
			sourceTree = "<group>";
		};
		17C59EB1D51DD8934B03DE89 /* controllers */ = {
			isa = PBXGroup;
			children = (
				17C598695B097090C0C049FB /* HeroDetailViewController.m */,
				17C596C027D143C9DCDD0424 /* HeroDetailViewController.h */,
				17C59C532803D85BB3DB5225 /* HeroViewController.h */,
				17C59B265D1A1E78A66F81DE /* HeroViewController.m */,
				17C590E189E87049129A9EB4 /* HomeController.h */,
				17C59EC1E45D0F44B8C2B76D /* HomeController.m */,
				17C5920A5835F0163B6D0E04 /* LoginViewController.m */,
				17C59739A8121A815CF65140 /* LoginViewController.h */,
				17C598FAA1FA8FB6A839E143 /* Demo1.h */,
				17C596D03327CB9674F0CC4C /* Demo1.m */,
				17C59C474F1D6670B10561AC /* MineController.h */,
				17C599E61C25161F6301F80A /* MineController.m */,
			);
			path = controllers;
			sourceTree = "<group>";
		};
		25A6A51A24C491750052537E = {
			isa = PBXGroup;
			children = (
				25231DB824C5DFFE00749F4C /* icon.bundle */,
				25A6A52524C491750052537E /* iOSSample */,
				25A6A52424C491750052537E /* Products */,
				17C5946DE322AD9AE65EBE11 /* README.md */,
				17C59B739B155CEC691425C8 /* podfile */,
				EF6DECB0FFE1AF6753FD1165 /* Pods */,
				7EB4CC71D94FE917AF614E06 /* Frameworks */,
			);
			sourceTree = "<group>";
		};
		25A6A52424C491750052537E /* Products */ = {
			isa = PBXGroup;
			children = (
				25A6A52324C491750052537E /* iOSSample.app */,
			);
			name = Products;
			sourceTree = "<group>";
		};
		25A6A52524C491750052537E /* iOSSample */ = {
			isa = PBXGroup;
			children = (
				25A6A52624C491750052537E /* AppDelegate.h */,
				25A6A52724C491750052537E /* AppDelegate.m */,
				25A6A52924C491750052537E /* SceneDelegate.h */,
				25A6A52A24C491750052537E /* SceneDelegate.m */,
				25A6A53224C4917A0052537E /* Assets.xcassets */,
				25A6A53724C4917A0052537E /* Info.plist */,
				25A6A53824C4917A0052537E /* main.m */,
				17C5967BEAC2328B247AE72C /* utils */,
				17C59EB1D51DD8934B03DE89 /* controllers */,
				17C5912E615E330BB6779438 /* models */,
				17C59D71856C4827B698D8D1 /* views */,
			);
			path = iOSSample;
			sourceTree = "<group>";
		};
		7EB4CC71D94FE917AF614E06 /* Frameworks */ = {
			isa = PBXGroup;
			children = (
				D80C2255DAC4D29913244F78 /* Pods_iOSSample.framework */,
			);
			name = Frameworks;
			sourceTree = "<group>";
		};
		EF6DECB0FFE1AF6753FD1165 /* Pods */ = {
			isa = PBXGroup;
			children = (
				A0BF267B3E33E516D4EA391F /* Pods-iOSSample.debug.xcconfig */,
				E0D1FACE41046BE93DD7EB96 /* Pods-iOSSample.release.xcconfig */,
			);
			path = Pods;
			sourceTree = "<group>";
		};
/* End PBXGroup section */

/* Begin PBXNativeTarget section */
		25A6A52224C491750052537E /* iOSSample */ = {
			isa = PBXNativeTarget;
			buildConfigurationList = 25A6A53C24C4917A0052537E /* Build configuration list for PBXNativeTarget "iOSSample" */;
			buildPhases = (
				AB8B1E5247FF6CFA0A1EF3F4 /* [CP] Check Pods Manifest.lock */,
				25A6A51F24C491750052537E /* Sources */,
				25A6A52024C491750052537E /* Frameworks */,
				25A6A52124C491750052537E /* Resources */,
				FBC98E036EDB51AABA0A253C /* [CP] Embed Pods Frameworks */,
			);
			buildRules = (
			);
			dependencies = (
			);
			name = iOSSample;
			productName = iOSSample;
			productReference = 25A6A52324C491750052537E /* iOSSample.app */;
			productType = "com.apple.product-type.application";
		};
/* End PBXNativeTarget section */

/* Begin PBXProject section */
		25A6A51B24C491750052537E /* Project object */ = {
			isa = PBXProject;
			attributes = {
				LastUpgradeCheck = 1160;
				ORGANIZATIONNAME = shymean;
				TargetAttributes = {
					25A6A52224C491750052537E = {
						CreatedOnToolsVersion = 11.6;
					};
				};
			};
			buildConfigurationList = 25A6A51E24C491750052537E /* Build configuration list for PBXProject "iOSSample" */;
			compatibilityVersion = "Xcode 9.3";
			developmentRegion = en;
			hasScannedForEncodings = 0;
			knownRegions = (
				en,
				Base,
			);
			mainGroup = 25A6A51A24C491750052537E;
			productRefGroup = 25A6A52424C491750052537E /* Products */;
			projectDirPath = "";
			projectRoot = "";
			targets = (
				25A6A52224C491750052537E /* iOSSample */,
			);
		};
/* End PBXProject section */

/* Begin PBXResourcesBuildPhase section */
		25A6A52124C491750052537E /* Resources */ = {
			isa = PBXResourcesBuildPhase;
			buildActionMask = 2147483647;
			files = (
				25A6A53324C4917A0052537E /* Assets.xcassets in Resources */,
				25231DB924C5DFFE00749F4C /* icon.bundle in Resources */,
				17C59BBA4A33D57E0525A464 /* podfile in Resources */,
			);
			runOnlyForDeploymentPostprocessing = 0;
		};
/* End PBXResourcesBuildPhase section */

/* Begin PBXShellScriptBuildPhase section */
		AB8B1E5247FF6CFA0A1EF3F4 /* [CP] Check Pods Manifest.lock */ = {
			isa = PBXShellScriptBuildPhase;
			buildActionMask = 2147483647;
			files = (
			);
			inputFileListPaths = (
			);
			inputPaths = (
				"${PODS_PODFILE_DIR_PATH}/Podfile.lock",
				"${PODS_ROOT}/Manifest.lock",
			);
			name = "[CP] Check Pods Manifest.lock";
			outputFileListPaths = (
			);
			outputPaths = (
				"$(DERIVED_FILE_DIR)/Pods-iOSSample-checkManifestLockResult.txt",
			);
			runOnlyForDeploymentPostprocessing = 0;
			shellPath = /bin/sh;
			shellScript = "diff \"${PODS_PODFILE_DIR_PATH}/Podfile.lock\" \"${PODS_ROOT}/Manifest.lock\" > /dev/null\nif [ $? != 0 ] ; then\n    # print error to STDERR\n    echo \"error: The sandbox is not in sync with the Podfile.lock. Run 'pod install' or update your CocoaPods installation.\" >&2\n    exit 1\nfi\n# This output is used by Xcode 'outputs' to avoid re-running this script phase.\necho \"SUCCESS\" > \"${SCRIPT_OUTPUT_FILE_0}\"\n";
			showEnvVarsInLog = 0;
		};
		FBC98E036EDB51AABA0A253C /* [CP] Embed Pods Frameworks */ = {
			isa = PBXShellScriptBuildPhase;
			buildActionMask = 2147483647;
			files = (
			);
			inputFileListPaths = (
				"${PODS_ROOT}/Target Support Files/Pods-iOSSample/Pods-iOSSample-frameworks-${CONFIGURATION}-input-files.xcfilelist",
			);
			name = "[CP] Embed Pods Frameworks";
			outputFileListPaths = (
				"${PODS_ROOT}/Target Support Files/Pods-iOSSample/Pods-iOSSample-frameworks-${CONFIGURATION}-output-files.xcfilelist",
			);
			runOnlyForDeploymentPostprocessing = 0;
			shellPath = /bin/sh;
			shellScript = "\"${PODS_ROOT}/Target Support Files/Pods-iOSSample/Pods-iOSSample-frameworks.sh\"\n";
			showEnvVarsInLog = 0;
		};
/* End PBXShellScriptBuildPhase section */

/* Begin PBXSourcesBuildPhase section */
		25A6A51F24C491750052537E /* Sources */ = {
			isa = PBXSourcesBuildPhase;
			buildActionMask = 2147483647;
			files = (
				25A6A52824C491750052537E /* AppDelegate.m in Sources */,
				25A6A53924C4917A0052537E /* main.m in Sources */,
				25A6A52B24C491750052537E /* SceneDelegate.m in Sources */,
				17C59A8EB6FF2A8B3A87ED71 /* README.md in Sources */,
				17C59581242D6F13CEBA3FE4 /* HttpClient.m in Sources */,
				17C59B1FE9D98EA101CE2369 /* LolModel.m in Sources */,
				17C595DF82E95C275477B146 /* HeroCell.m in Sources */,
				17C59A08BC78B5C676F4B98E /* HeroDetailViewController.m in Sources */,
				17C596F6EDF418D2F145D29C /* HeroViewController.m in Sources */,
				17C5993C41EE58A34EA2BD0F /* HomeCell.m in Sources */,
				17C593CC9634C4BE9CD4C6CA /* HomeController.m in Sources */,
				17C59AB018E883F54DF1F25B /* LoginViewController.m in Sources */,
				17C59DD768FBE789C64710C8 /* Demo1.m in Sources */,
				17C598DA059E11234CB656A4 /* MineController.m in Sources */,
				17C594C20863EC1AC66861C7 /* UserModel.m in Sources */,
				17C59D3ECBDB6BE05E9839D0 /* HeroDetailView.m in Sources */,
				17C593193CC7CD3CA96C1B19 /* MineView.m in Sources */,
			);
			runOnlyForDeploymentPostprocessing = 0;
		};
/* End PBXSourcesBuildPhase section */

/* Begin XCBuildConfiguration section */
		25A6A53A24C4917A0052537E /* Debug */ = {
			isa = XCBuildConfiguration;
			buildSettings = {
				ALWAYS_SEARCH_USER_PATHS = NO;
				CLANG_ANALYZER_NONNULL = YES;
				CLANG_ANALYZER_NUMBER_OBJECT_CONVERSION = YES_AGGRESSIVE;
				CLANG_CXX_LANGUAGE_STANDARD = "gnu++14";
				CLANG_CXX_LIBRARY = "libc++";
				CLANG_ENABLE_MODULES = YES;
				CLANG_ENABLE_OBJC_ARC = YES;
				CLANG_ENABLE_OBJC_WEAK = YES;
				CLANG_WARN_BLOCK_CAPTURE_AUTORELEASING = YES;
				CLANG_WARN_BOOL_CONVERSION = YES;
				CLANG_WARN_COMMA = YES;
				CLANG_WARN_CONSTANT_CONVERSION = YES;
				CLANG_WARN_DEPRECATED_OBJC_IMPLEMENTATIONS = YES;
				CLANG_WARN_DIRECT_OBJC_ISA_USAGE = YES_ERROR;
				CLANG_WARN_DOCUMENTATION_COMMENTS = YES;
				CLANG_WARN_EMPTY_BODY = YES;
				CLANG_WARN_ENUM_CONVERSION = YES;
				CLANG_WARN_INFINITE_RECURSION = YES;
				CLANG_WARN_INT_CONVERSION = YES;
				CLANG_WARN_NON_LITERAL_NULL_CONVERSION = YES;
				CLANG_WARN_OBJC_IMPLICIT_RETAIN_SELF = YES;
				CLANG_WARN_OBJC_LITERAL_CONVERSION = YES;
				CLANG_WARN_OBJC_ROOT_CLASS = YES_ERROR;
				CLANG_WARN_RANGE_LOOP_ANALYSIS = YES;
				CLANG_WARN_STRICT_PROTOTYPES = YES;
				CLANG_WARN_SUSPICIOUS_MOVE = YES;
				CLANG_WARN_UNGUARDED_AVAILABILITY = YES_AGGRESSIVE;
				CLANG_WARN_UNREACHABLE_CODE = YES;
				CLANG_WARN__DUPLICATE_METHOD_MATCH = YES;
				COPY_PHASE_STRIP = NO;
				DEBUG_INFORMATION_FORMAT = dwarf;
				ENABLE_STRICT_OBJC_MSGSEND = YES;
				ENABLE_TESTABILITY = YES;
				GCC_C_LANGUAGE_STANDARD = gnu11;
				GCC_DYNAMIC_NO_PIC = NO;
				GCC_NO_COMMON_BLOCKS = YES;
				GCC_OPTIMIZATION_LEVEL = 0;
				GCC_PREPROCESSOR_DEFINITIONS = (
					"DEBUG=1",
					"$(inherited)",
				);
				GCC_WARN_64_TO_32_BIT_CONVERSION = YES;
				GCC_WARN_ABOUT_RETURN_TYPE = YES_ERROR;
				GCC_WARN_UNDECLARED_SELECTOR = YES;
				GCC_WARN_UNINITIALIZED_AUTOS = YES_AGGRESSIVE;
				GCC_WARN_UNUSED_FUNCTION = YES;
				GCC_WARN_UNUSED_VARIABLE = YES;
				IPHONEOS_DEPLOYMENT_TARGET = 13.6;
				MTL_ENABLE_DEBUG_INFO = INCLUDE_SOURCE;
				MTL_FAST_MATH = YES;
				ONLY_ACTIVE_ARCH = YES;
				SDKROOT = iphoneos;
			};
			name = Debug;
		};
		25A6A53B24C4917A0052537E /* Release */ = {
			isa = XCBuildConfiguration;
			buildSettings = {
				ALWAYS_SEARCH_USER_PATHS = NO;
				CLANG_ANALYZER_NONNULL = YES;
				CLANG_ANALYZER_NUMBER_OBJECT_CONVERSION = YES_AGGRESSIVE;
				CLANG_CXX_LANGUAGE_STANDARD = "gnu++14";
				CLANG_CXX_LIBRARY = "libc++";
				CLANG_ENABLE_MODULES = YES;
				CLANG_ENABLE_OBJC_ARC = YES;
				CLANG_ENABLE_OBJC_WEAK = YES;
				CLANG_WARN_BLOCK_CAPTURE_AUTORELEASING = YES;
				CLANG_WARN_BOOL_CONVERSION = YES;
				CLANG_WARN_COMMA = YES;
				CLANG_WARN_CONSTANT_CONVERSION = YES;
				CLANG_WARN_DEPRECATED_OBJC_IMPLEMENTATIONS = YES;
				CLANG_WARN_DIRECT_OBJC_ISA_USAGE = YES_ERROR;
				CLANG_WARN_DOCUMENTATION_COMMENTS = YES;
				CLANG_WARN_EMPTY_BODY = YES;
				CLANG_WARN_ENUM_CONVERSION = YES;
				CLANG_WARN_INFINITE_RECURSION = YES;
				CLANG_WARN_INT_CONVERSION = YES;
				CLANG_WARN_NON_LITERAL_NULL_CONVERSION = YES;
				CLANG_WARN_OBJC_IMPLICIT_RETAIN_SELF = YES;
				CLANG_WARN_OBJC_LITERAL_CONVERSION = YES;
				CLANG_WARN_OBJC_ROOT_CLASS = YES_ERROR;
				CLANG_WARN_RANGE_LOOP_ANALYSIS = YES;
				CLANG_WARN_STRICT_PROTOTYPES = YES;
				CLANG_WARN_SUSPICIOUS_MOVE = YES;
				CLANG_WARN_UNGUARDED_AVAILABILITY = YES_AGGRESSIVE;
				CLANG_WARN_UNREACHABLE_CODE = YES;
				CLANG_WARN__DUPLICATE_METHOD_MATCH = YES;
				COPY_PHASE_STRIP = NO;
				DEBUG_INFORMATION_FORMAT = "dwarf-with-dsym";
				ENABLE_NS_ASSERTIONS = NO;
				ENABLE_STRICT_OBJC_MSGSEND = YES;
				GCC_C_LANGUAGE_STANDARD = gnu11;
				GCC_NO_COMMON_BLOCKS = YES;
				GCC_WARN_64_TO_32_BIT_CONVERSION = YES;
				GCC_WARN_ABOUT_RETURN_TYPE = YES_ERROR;
				GCC_WARN_UNDECLARED_SELECTOR = YES;
				GCC_WARN_UNINITIALIZED_AUTOS = YES_AGGRESSIVE;
				GCC_WARN_UNUSED_FUNCTION = YES;
				GCC_WARN_UNUSED_VARIABLE = YES;
				IPHONEOS_DEPLOYMENT_TARGET = 13.6;
				MTL_ENABLE_DEBUG_INFO = NO;
				MTL_FAST_MATH = YES;
				SDKROOT = iphoneos;
				VALIDATE_PRODUCT = YES;
			};
			name = Release;
		};
		25A6A53D24C4917A0052537E /* Debug */ = {
			isa = XCBuildConfiguration;
			baseConfigurationReference = A0BF267B3E33E516D4EA391F /* Pods-iOSSample.debug.xcconfig */;
			buildSettings = {
				ASSETCATALOG_COMPILER_APPICON_NAME = AppIcon;
				CODE_SIGN_STYLE = Automatic;
				INFOPLIST_FILE = iOSSample/Info.plist;
				LD_RUNPATH_SEARCH_PATHS = (
					"$(inherited)",
					"@executable_path/Frameworks",
				);
				PRODUCT_BUNDLE_IDENTIFIER = com.example.shymean.iOSSample;
				PRODUCT_NAME = "$(TARGET_NAME)";
				SWIFT_VERSION = 5.0;
				TARGETED_DEVICE_FAMILY = "1,2";
			};
			name = Debug;
		};
		25A6A53E24C4917A0052537E /* Release */ = {
			isa = XCBuildConfiguration;
			baseConfigurationReference = E0D1FACE41046BE93DD7EB96 /* Pods-iOSSample.release.xcconfig */;
			buildSettings = {
				ASSETCATALOG_COMPILER_APPICON_NAME = AppIcon;
				CODE_SIGN_STYLE = Automatic;
				INFOPLIST_FILE = iOSSample/Info.plist;
				LD_RUNPATH_SEARCH_PATHS = (
					"$(inherited)",
					"@executable_path/Frameworks",
				);
				PRODUCT_BUNDLE_IDENTIFIER = com.example.shymean.iOSSample;
				PRODUCT_NAME = "$(TARGET_NAME)";
				SWIFT_VERSION = 5.0;
				TARGETED_DEVICE_FAMILY = "1,2";
			};
			name = Release;
		};
/* End XCBuildConfiguration section */

/* Begin XCConfigurationList section */
		25A6A51E24C491750052537E /* Build configuration list for PBXProject "iOSSample" */ = {
			isa = XCConfigurationList;
			buildConfigurations = (
				25A6A53A24C4917A0052537E /* Debug */,
				25A6A53B24C4917A0052537E /* Release */,
			);
			defaultConfigurationIsVisible = 0;
			defaultConfigurationName = Release;
		};
		25A6A53C24C4917A0052537E /* Build configuration list for PBXNativeTarget "iOSSample" */ = {
			isa = XCConfigurationList;
			buildConfigurations = (
				25A6A53D24C4917A0052537E /* Debug */,
				25A6A53E24C4917A0052537E /* Release */,
			);
			defaultConfigurationIsVisible = 0;
			defaultConfigurationName = Release;
		};
/* End XCConfigurationList section */
	};
	rootObject = 25A6A51B24C491750052537E /* Project object */;
}
